
Microsoft Visual Studio Solution File, Format Version 12.00
# Visual Studio Version 17
VisualStudioVersion = 17.6.33815.320
MinimumVisualStudioVersion = 10.0.40219.1
Project("{9A19103F-16F7-4668-BE54-9A1E7A4F7556}") = "20DTHJA1_API_Socket", "20DTHJA1_API_Socket\20DTHJA1_API_Socket.csproj", "{A931EB15-E768-472C-BD25-740F42320902}"
EndProject
Project("{9A19103F-16F7-4668-BE54-9A1E7A4F7556}") = "Libs", "Libs\Libs.csproj", "{441062AB-434B-4E18-AF36-57A7A1C6D1C8}"
EndProject
Project("{FAE04EC0-301F-11D3-BF4B-00C04F79EFBC}") = "Libs4", "Libs4\Libs4.csproj", "{DFBD4ED4-9774-4357-9B0A-6A8D595D7672}"
EndProject
Global
	GlobalSection(SolutionConfigurationPlatforms) = preSolution
		Debug|Any CPU = Debug|Any CPU
		Release|Any CPU = Release|Any CPU
	EndGlobalSection
	GlobalSection(ProjectConfigurationPlatforms) = postSolution
		{A931EB15-E768-472C-BD25-740F42320902}.Debug|Any CPU.ActiveCfg = Debug|Any CPU
		{A931EB15-E768-472C-BD25-740F42320902}.Debug|Any CPU.Build.0 = Debug|Any CPU
		{A931EB15-E768-472C-BD25-740F42320902}.Release|Any CPU.ActiveCfg = Release|Any CPU
		{A931EB15-E768-472C-BD25-740F42320902}.Release|Any CPU.Build.0 = Release|Any CPU
		{441062AB-434B-4E18-AF36-57A7A1C6D1C8}.Debug|Any CPU.ActiveCfg = Debug|Any CPU
		{441062AB-434B-4E18-AF36-57A7A1C6D1C8}.Debug|Any CPU.Build.0 = Debug|Any CPU
		{441062AB-434B-4E18-AF36-57A7A1C6D1C8}.Release|Any CPU.ActiveCfg = Release|Any CPU
		{441062AB-434B-4E18-AF36-57A7A1C6D1C8}.Release|Any CPU.Build.0 = Release|Any CPU
		{DFBD4ED4-9774-4357-9B0A-6A8D595D7672}.Debug|Any CPU.ActiveCfg = Debug|Any CPU
		{DFBD4ED4-9774-4357-9B0A-6A8D595D7672}.Debug|Any CPU.Build.0 = Debug|Any CPU
		{DFBD4ED4-9774-4357-9B0A-6A8D595D7672}.Release|Any CPU.ActiveCfg = Release|Any CPU
		{DFBD4ED4-9774-4357-9B0A-6A8D595D7672}.Release|Any CPU.Build.0 = Release|Any CPU
	EndGlobalSection
	GlobalSection(SolutionProperties) = preSolution
		HideSolutionNode = FALSE
	EndGlobalSection
	GlobalSection(ExtensibilityGlobals) = postSolution
		SolutionGuid = {15262876-01A6-46AB-89EE-2A219A5A90E4}
	EndGlobalSection
EndGlobal
